{
  "name": "vant",
  "version": "1.0.0",
  "lockfileVersion": 1,
  "requires": true,
  "dependencies": {
    "@vant/weapp": {
      "version": "1.10.12",
      "resolved": "https://registry.npmjs.org/@vant/weapp/-/weapp-1.10.12.tgz",
      "integrity": "sha512-92HtmIOdBD6gGTGhAt8/6bjPvwidgs+49/M4GhPUr9FyJ2xRUxE4d3I+zDtd+GM+v053eiuiQ6V/96DYzW/AVw=="
    }
  }
}
